
Microsoft Visual Studio Solution File, Format Version 12.00
Project("{FAE04EC0-301F-11D3-BF4B-00C04F79EFBC}") = "Fundamentals", "Fundamentals\Fundamentals.csproj", "{56923CD0-8E2F-440B-A5B9-5B7D3C3DBB7F}"
EndProject
Project("{FAE04EC0-301F-11D3-BF4B-00C04F79EFBC}") = "Reflection", "Reflection\Reflection.csproj", "{31CE044E-A59C-4B87-A6EB-AC827D72F957}"
EndProject
Project("{FAE04EC0-301F-11D3-BF4B-00C04F79EFBC}") = "Async", "Async\Async.csproj", "{107370A6-2211-48E9-9EA1-315C40C22921}"
EndProject
Project("{FAE04EC0-301F-11D3-BF4B-00C04F79EFBC}") = "Unsafe", "Unsafe\Unsafe.csproj", "{BC87BC4F-F834-440C-9A85-E13CB12BCEDE}"
EndProject
Global
	GlobalSection(SolutionConfigurationPlatforms) = preSolution
		Debug|Any CPU = Debug|Any CPU
		Release|Any CPU = Release|Any CPU
	EndGlobalSection
	GlobalSection(ProjectConfigurationPlatforms) = postSolution
		{56923CD0-8E2F-440B-A5B9-5B7D3C3DBB7F}.Debug|Any CPU.ActiveCfg = Debug|Any CPU
		{56923CD0-8E2F-440B-A5B9-5B7D3C3DBB7F}.Debug|Any CPU.Build.0 = Debug|Any CPU
		{56923CD0-8E2F-440B-A5B9-5B7D3C3DBB7F}.Release|Any CPU.ActiveCfg = Release|Any CPU
		{56923CD0-8E2F-440B-A5B9-5B7D3C3DBB7F}.Release|Any CPU.Build.0 = Release|Any CPU
		{31CE044E-A59C-4B87-A6EB-AC827D72F957}.Debug|Any CPU.ActiveCfg = Debug|Any CPU
		{31CE044E-A59C-4B87-A6EB-AC827D72F957}.Debug|Any CPU.Build.0 = Debug|Any CPU
		{31CE044E-A59C-4B87-A6EB-AC827D72F957}.Release|Any CPU.ActiveCfg = Release|Any CPU
		{31CE044E-A59C-4B87-A6EB-AC827D72F957}.Release|Any CPU.Build.0 = Release|Any CPU
		{107370A6-2211-48E9-9EA1-315C40C22921}.Debug|Any CPU.ActiveCfg = Debug|Any CPU
		{107370A6-2211-48E9-9EA1-315C40C22921}.Debug|Any CPU.Build.0 = Debug|Any CPU
		{107370A6-2211-48E9-9EA1-315C40C22921}.Release|Any CPU.ActiveCfg = Release|Any CPU
		{107370A6-2211-48E9-9EA1-315C40C22921}.Release|Any CPU.Build.0 = Release|Any CPU
		{BC87BC4F-F834-440C-9A85-E13CB12BCEDE}.Debug|Any CPU.ActiveCfg = Debug|Any CPU
        {BC87BC4F-F834-440C-9A85-E13CB12BCEDE}.Debug|Any CPU.Build.0 = Debug|Any CPU
        {BC87BC4F-F834-440C-9A85-E13CB12BCEDE}.Release|Any CPU.ActiveCfg = Release|Any CPU
        {BC87BC4F-F834-440C-9A85-E13CB12BCEDE}.Release|Any CPU.Build.0 = Release|Any CPU
	EndGlobalSection
EndGlobal
